# This file is autogenerated, do not edit; changes may be undone by the next 'dep ensure'.


[[projects]]
  digest = "1:5aaec2559dbb1fde897fd21b4165881391d7f7e069700bef640802068c8e7988"
  name = "github.com/cloudfoundry/gosigar"
  packages = [
    ".",
    "sys/windows",
  ]
  pruneopts = "UT"
  revision = "dcb1afc219e4c99f21c37fb1ec22ed9ffe443317"
  version = "v1.1.0"

[[projects]]
  digest = "1:7b5c6e2eeaa9ae5907c391a91c132abfd5c9e8a784a341b5625e750c67e6825d"
  name = "github.com/gorilla/websocket"
  packages = ["."]
  pruneopts = "UT"
  revision = "66b9c49e59c6c48f0ffce28c2d8b8a5678502c6d"
  version = "v1.4.0"

[[projects]]
  digest = "1:cf31692c14422fa27c83a05292eb5cbe0fb2775972e8f1f8446a71549bd8980b"
  name = "github.com/pkg/errors"
  packages = ["."]
  pruneopts = "UT"
  revision = "ba968bfe8b2f7e042a574c888954fccecfa385b4"
  version = "v0.8.1"

[[projects]]
  branch = "master"
  digest = "1:12d62e2b2228aa9b389fe3c0e698921ac75141f10386eaaae77ee5844afa3688"
  name = "golang.org/x/sys"
  packages = ["windows"]
  pruneopts = "UT"
  revision = "f49334f85ddcf0f08d7fb6dd7363e9e6d6b777eb"

[solve-meta]
  analyzer-name = "dep"
  analyzer-version = 1
  input-imports = [
    "github.com/cloudfoundry/gosigar",
    "github.com/gorilla/websocket",
  ]
  solver-name = "gps-cdcl"
  solver-version = 1
